
Microsoft Visual Studio Solution File, Format Version 12.00
# Visual Studio Version 16
VisualStudioVersion = 16.0.30011.22
MinimumVisualStudioVersion = 10.0.40219.1
Project("{9A19103F-16F7-4668-BE54-9A1E7A4F7556}") = "gzpr", "gzpr\gzpr.csproj", "{72CB21C2-BF27-4BA4-8643-A8A6B3576099}"
EndProject
Global
	GlobalSection(SolutionConfigurationPlatforms) = preSolution
		Debug|Any CPU = Debug|Any CPU
		Release|Any CPU = Release|Any CPU
	EndGlobalSection
	GlobalSection(ProjectConfigurationPlatforms) = postSolution
		{72CB21C2-BF27-4BA4-8643-A8A6B3576099}.Debug|Any CPU.ActiveCfg = Debug|Any CPU
		{72CB21C2-BF27-4BA4-8643-A8A6B3576099}.Debug|Any CPU.Build.0 = Debug|Any CPU
		{72CB21C2-BF27-4BA4-8643-A8A6B3576099}.Release|Any CPU.ActiveCfg = Release|Any CPU
		{72CB21C2-BF27-4BA4-8643-A8A6B3576099}.Release|Any CPU.Build.0 = Release|Any CPU
	EndGlobalSection
	GlobalSection(SolutionProperties) = preSolution
		HideSolutionNode = FALSE
	EndGlobalSection
	GlobalSection(ExtensibilityGlobals) = postSolution
		SolutionGuid = {433EE282-6420-4134-8A16-9D0BB16876C6}
	EndGlobalSection
EndGlobal
